
Microsoft Visual Studio Solution File, Format Version 12.00
# Visual Studio Version 17
VisualStudioVersion = 17.0.31903.59
MinimumVisualStudioVersion = 10.0.40219.1
Project("{FAE04EC0-301F-11D3-BF4B-00C04F79EFBC}") = "DaysOfTheWeek", "DaysOfTheWeek\DaysOfTheWeek.csproj", "{55E38FBF-F613-4340-9251-844C97019E7F}"
EndProject
Project("{FAE04EC0-301F-11D3-BF4B-00C04F79EFBC}") = "DivideByZeroException", "DivideByZeroException\DivideByZeroException.csproj", "{542CD8D0-3E21-4830-8745-81E343AE0ED2}"
EndProject
Project("{FAE04EC0-301F-11D3-BF4B-00C04F79EFBC}") = "CalculatorUsingSwitch", "CalculatorUsingSwitch\CalculatorUsingSwitch.csproj", "{5BE4381F-B1DC-496A-9EED-2487BEEFE4B7}"
EndProject
Project("{FAE04EC0-301F-11D3-BF4B-00C04F79EFBC}") = "IncorrecFormatNumber", "IncorrecFormatNumber\IncorrecFormatNumber.csproj", "{32A06D9C-53F5-4A94-8DB7-48E2D0AADA99}"
EndProject
Project("{2150E333-8FDC-42A3-9474-1A3956D46DE8}") = "LoopExercises", "LoopExercises", "{70FA13DF-E447-F7A8-5EF0-B063F5B374B5}"
EndProject
Project("{FAE04EC0-301F-11D3-BF4B-00C04F79EFBC}") = "Project02.DrawingChart", "LoopExercises\Project02.DrawingChart\Project02.DrawingChart.csproj", "{0B9C9DA0-C52A-4EC8-BF78-20B353A80F53}"
EndProject
Project("{FAE04EC0-301F-11D3-BF4B-00C04F79EFBC}") = "Project01.AverageSalary", "LoopExercises\Project01.AverageSalary\Project01.AverageSalary.csproj", "{FB2D1FDA-9135-4145-BBF6-0704F4E64D4D}"
EndProject
Project("{FAE04EC0-301F-11D3-BF4B-00C04F79EFBC}") = "Project07.GeneratingMultiplication", "LoopExercises\Project07.GeneratingMultiplication\Project07.GeneratingMultiplication.csproj", "{1E648AEC-C05F-4AD7-A47D-25EC394BB6AF}"
EndProject
Project("{FAE04EC0-301F-11D3-BF4B-00C04F79EFBC}") = "Project03.GeneratingPrimeNumbers", "LoopExercises\Project03.GeneratingPrimeNumbers\Project03.GeneratingPrimeNumbers.csproj", "{FC78E78D-1008-443A-B273-790020123409}"
EndProject
Project("{FAE04EC0-301F-11D3-BF4B-00C04F79EFBC}") = "Project08.CheckPrimeNumbers", "LoopExercises\Project08.CheckPrimeNumbers\Project08.CheckPrimeNumbers.csproj", "{E342DEA3-5E11-43A6-8364-BB6D24A59DB6}"
EndProject
Project("{FAE04EC0-301F-11D3-BF4B-00C04F79EFBC}") = "Project06.Wage", "LoopExercises\Project06.Wage\Project06.Wage.csproj", "{3F1BDD3B-AEB6-4162-A1E9-406CEFE78350}"
EndProject
Project("{FAE04EC0-301F-11D3-BF4B-00C04F79EFBC}") = "Project05.FibonacciSequence", "LoopExercises\Project05.FibonacciSequence\Project05.FibonacciSequence.csproj", "{E842B530-E230-435C-B4CB-6EBAB7577AB7}"
EndProject
Project("{FAE04EC0-301F-11D3-BF4B-00C04F79EFBC}") = "Project04.PasswordVerification", "LoopExercises\Project04.PasswordVerification\Project04.PasswordVerification.csproj", "{4C3A5039-60A0-4299-B28F-23FD97C21975}"
EndProject
Project("{2150E333-8FDC-42A3-9474-1A3956D46DE8}") = "ArrayExercises", "ArrayExercises", "{13046698-691B-53EA-2C3E-672221A0CE4F}"
EndProject
Project("{FAE04EC0-301F-11D3-BF4B-00C04F79EFBC}") = "Project01.CreateArray", "ArrayExercises\Project01.CreateArray\Project01.CreateArray.csproj", "{2F5F0919-3188-4EB1-B090-2BE6C5A597AB}"
EndProject
Project("{FAE04EC0-301F-11D3-BF4B-00C04F79EFBC}") = "Project02.CheckArraySum", "ArrayExercises\Project02.CheckArraySum\Project02.CheckArraySum.csproj", "{22EEBA37-1779-4E1D-A957-4BC6D2C2BB43}"
EndProject
Project("{FAE04EC0-301F-11D3-BF4B-00C04F79EFBC}") = "Project03.ArrayResultsOfTheMultiplication", "ArrayExercises\Project03.ArrayResultsOfTheMultiplication\Project03.ArrayResultsOfTheMultiplication.csproj", "{7D5BCCC0-205D-4A12-BD27-E3E145F9974C}"
EndProject
Project("{FAE04EC0-301F-11D3-BF4B-00C04F79EFBC}") = "Project04.ArrayMaxMinValue", "ArrayExercises\Project04.ArrayMaxMinValue\Project04.ArrayMaxMinValue.csproj", "{F13D7720-8AAB-4641-A798-F7D08F569A36}"
EndProject
Project("{FAE04EC0-301F-11D3-BF4B-00C04F79EFBC}") = "Project05.СalculateWhichDay", "ArrayExercises\Project05.СalculateWhichDay\Project05.СalculateWhichDay.csproj", "{01EAB856-14B3-4A7D-8761-C7971E647FA2}"
EndProject
Project("{FAE04EC0-301F-11D3-BF4B-00C04F79EFBC}") = "Project09.GameUsingLoop", "LoopExercises\Project09.GameUsingLoop\Project09.GameUsingLoop.csproj", "{D5E40F22-8E1B-4BD0-AC7D-302DA3D2D6E4}"
EndProject
Project("{2150E333-8FDC-42A3-9474-1A3956D46DE8}") = "StringExercises", "StringExercises", "{787F0AE7-F039-BD07-CD28-E4C8FD89F7AC}"
EndProject
Project("{FAE04EC0-301F-11D3-BF4B-00C04F79EFBC}") = "Project01.CheckFrstNameLastName", "StringExercises\Project01.CheckFrstNameLastName\Project01.CheckFrstNameLastName.csproj", "{3FA5FD2F-EAFE-4694-B337-B8D75D5DC912}"
EndProject
Project("{FAE04EC0-301F-11D3-BF4B-00C04F79EFBC}") = "Project02.RemoveSpaces", "StringExercises\Project02.RemoveSpaces\Project02.RemoveSpaces.csproj", "{87CC0AA9-E1D5-40AA-B4E2-54C2BBDCFC5C}"
EndProject
Project("{2150E333-8FDC-42A3-9474-1A3956D46DE8}") = "ArrayExercisesPatTwo", "ArrayExercisesPatTwo", "{106DBD75-60D8-288E-21FB-A0DE1B945471}"
	ProjectSection(SolutionItems) = preProject
		ArrayExercisesPatTwo\Project04.SumElementsDiagonal\Program.cs = ArrayExercisesPatTwo\Project04.SumElementsDiagonal\Program.cs
	EndProjectSection
EndProject
Project("{FAE04EC0-301F-11D3-BF4B-00C04F79EFBC}") = "Project01.FindSecondMax", "ArrayExercisesPatTwo\Project01.FindSecondMax\Project01.FindSecondMax.csproj", "{F39866E6-3BE3-4547-9127-71652232A21B}"
EndProject
Project("{FAE04EC0-301F-11D3-BF4B-00C04F79EFBC}") = "Project03.RemovalElement", "ArrayExercisesPatTwo\Project03.RemovalElement\Project03.RemovalElement.csproj", "{CC8ABE55-9887-481C-A7A4-AB9B4CFDCA6F}"
EndProject
Project("{FAE04EC0-301F-11D3-BF4B-00C04F79EFBC}") = "Project02.Sorting", "ArrayExercisesPatTwo\Project02.Sorting\Project02.Sorting.csproj", "{01DE4BB2-DFCA-4EA9-ACEF-F8FC26451C46}"
EndProject
Project("{FAE04EC0-301F-11D3-BF4B-00C04F79EFBC}") = "Project04.SumElementsDiagonal", "ArrayExercisesPatTwo\Project04.SumElementsDiagonal\Project04.SumElementsDiagonal.csproj", "{9FB8436E-5B9A-4C39-816B-D7CC1E9A4D8C}"
EndProject
Project("{FAE04EC0-301F-11D3-BF4B-00C04F79EFBC}") = "Project03.TextReport", "StringExercises\Project03.TextReport\Project03.TextReport.csproj", "{247E4D31-3CA1-4544-8500-CD9EB837F523}"
EndProject
Project("{2150E333-8FDC-42A3-9474-1A3956D46DE8}") = "RecursiveFunctionForFibonacci", "RecursiveFunctionForFibonacci", "{CEEDB9FF-A151-87D7-8F55-BB3F3E7A5D12}"
EndProject
Project("{FAE04EC0-301F-11D3-BF4B-00C04F79EFBC}") = "Project01.RecursiveFibonacci", "RecursiveFunctionForFibonacci\Project01.RecursiveFibonacci\Project01.RecursiveFibonacci.csproj", "{C42CFF25-8B5F-40A5-921C-0D94828107EA}"
EndProject
Project("{FAE04EC0-301F-11D3-BF4B-00C04F79EFBC}") = "GuessTheWord", "GuessTheWord\GuessTheWord.csproj", "{5A654399-461A-4060-89CE-2AFD5C64C224}"
EndProject
Project("{FAE04EC0-301F-11D3-BF4B-00C04F79EFBC}") = "ToDoList", "ToDoList\ToDoList.csproj", "{321B490F-7C89-4307-9C88-8BC809D21600}"
EndProject
Project("{FAE04EC0-301F-11D3-BF4B-00C04F79EFBC}") = "BankAccount", "BankAccount\BankAccount.csproj", "{A6E903EB-6F85-4DAD-A7BB-8FF3937AA1DD}"
EndProject
Global
	GlobalSection(SolutionConfigurationPlatforms) = preSolution
		Debug|Any CPU = Debug|Any CPU
		Debug|x64 = Debug|x64
		Debug|x86 = Debug|x86
		Release|Any CPU = Release|Any CPU
		Release|x64 = Release|x64
		Release|x86 = Release|x86
	EndGlobalSection
	GlobalSection(ProjectConfigurationPlatforms) = postSolution
		{55E38FBF-F613-4340-9251-844C97019E7F}.Debug|Any CPU.ActiveCfg = Debug|Any CPU
		{55E38FBF-F613-4340-9251-844C97019E7F}.Debug|Any CPU.Build.0 = Debug|Any CPU
		{55E38FBF-F613-4340-9251-844C97019E7F}.Debug|x64.ActiveCfg = Debug|Any CPU
		{55E38FBF-F613-4340-9251-844C97019E7F}.Debug|x64.Build.0 = Debug|Any CPU
		{55E38FBF-F613-4340-9251-844C97019E7F}.Debug|x86.ActiveCfg = Debug|Any CPU
		{55E38FBF-F613-4340-9251-844C97019E7F}.Debug|x86.Build.0 = Debug|Any CPU
		{55E38FBF-F613-4340-9251-844C97019E7F}.Release|Any CPU.ActiveCfg = Release|Any CPU
		{55E38FBF-F613-4340-9251-844C97019E7F}.Release|Any CPU.Build.0 = Release|Any CPU
		{55E38FBF-F613-4340-9251-844C97019E7F}.Release|x64.ActiveCfg = Release|Any CPU
		{55E38FBF-F613-4340-9251-844C97019E7F}.Release|x64.Build.0 = Release|Any CPU
		{55E38FBF-F613-4340-9251-844C97019E7F}.Release|x86.ActiveCfg = Release|Any CPU
		{55E38FBF-F613-4340-9251-844C97019E7F}.Release|x86.Build.0 = Release|Any CPU
		{542CD8D0-3E21-4830-8745-81E343AE0ED2}.Debug|Any CPU.ActiveCfg = Debug|Any CPU
		{542CD8D0-3E21-4830-8745-81E343AE0ED2}.Debug|Any CPU.Build.0 = Debug|Any CPU
		{542CD8D0-3E21-4830-8745-81E343AE0ED2}.Debug|x64.ActiveCfg = Debug|Any CPU
		{542CD8D0-3E21-4830-8745-81E343AE0ED2}.Debug|x64.Build.0 = Debug|Any CPU
		{542CD8D0-3E21-4830-8745-81E343AE0ED2}.Debug|x86.ActiveCfg = Debug|Any CPU
		{542CD8D0-3E21-4830-8745-81E343AE0ED2}.Debug|x86.Build.0 = Debug|Any CPU
		{542CD8D0-3E21-4830-8745-81E343AE0ED2}.Release|Any CPU.ActiveCfg = Release|Any CPU
		{542CD8D0-3E21-4830-8745-81E343AE0ED2}.Release|Any CPU.Build.0 = Release|Any CPU
		{542CD8D0-3E21-4830-8745-81E343AE0ED2}.Release|x64.ActiveCfg = Release|Any CPU
		{542CD8D0-3E21-4830-8745-81E343AE0ED2}.Release|x64.Build.0 = Release|Any CPU
		{542CD8D0-3E21-4830-8745-81E343AE0ED2}.Release|x86.ActiveCfg = Release|Any CPU
		{542CD8D0-3E21-4830-8745-81E343AE0ED2}.Release|x86.Build.0 = Release|Any CPU
		{5BE4381F-B1DC-496A-9EED-2487BEEFE4B7}.Debug|Any CPU.ActiveCfg = Debug|Any CPU
		{5BE4381F-B1DC-496A-9EED-2487BEEFE4B7}.Debug|Any CPU.Build.0 = Debug|Any CPU
		{5BE4381F-B1DC-496A-9EED-2487BEEFE4B7}.Debug|x64.ActiveCfg = Debug|Any CPU
		{5BE4381F-B1DC-496A-9EED-2487BEEFE4B7}.Debug|x64.Build.0 = Debug|Any CPU
		{5BE4381F-B1DC-496A-9EED-2487BEEFE4B7}.Debug|x86.ActiveCfg = Debug|Any CPU
		{5BE4381F-B1DC-496A-9EED-2487BEEFE4B7}.Debug|x86.Build.0 = Debug|Any CPU
		{5BE4381F-B1DC-496A-9EED-2487BEEFE4B7}.Release|Any CPU.ActiveCfg = Release|Any CPU
		{5BE4381F-B1DC-496A-9EED-2487BEEFE4B7}.Release|Any CPU.Build.0 = Release|Any CPU
		{5BE4381F-B1DC-496A-9EED-2487BEEFE4B7}.Release|x64.ActiveCfg = Release|Any CPU
		{5BE4381F-B1DC-496A-9EED-2487BEEFE4B7}.Release|x64.Build.0 = Release|Any CPU
		{5BE4381F-B1DC-496A-9EED-2487BEEFE4B7}.Release|x86.ActiveCfg = Release|Any CPU
		{5BE4381F-B1DC-496A-9EED-2487BEEFE4B7}.Release|x86.Build.0 = Release|Any CPU
		{32A06D9C-53F5-4A94-8DB7-48E2D0AADA99}.Debug|Any CPU.ActiveCfg = Debug|Any CPU
		{32A06D9C-53F5-4A94-8DB7-48E2D0AADA99}.Debug|Any CPU.Build.0 = Debug|Any CPU
		{32A06D9C-53F5-4A94-8DB7-48E2D0AADA99}.Debug|x64.ActiveCfg = Debug|Any CPU
		{32A06D9C-53F5-4A94-8DB7-48E2D0AADA99}.Debug|x64.Build.0 = Debug|Any CPU
		{32A06D9C-53F5-4A94-8DB7-48E2D0AADA99}.Debug|x86.ActiveCfg = Debug|Any CPU
		{32A06D9C-53F5-4A94-8DB7-48E2D0AADA99}.Debug|x86.Build.0 = Debug|Any CPU
		{32A06D9C-53F5-4A94-8DB7-48E2D0AADA99}.Release|Any CPU.ActiveCfg = Release|Any CPU
		{32A06D9C-53F5-4A94-8DB7-48E2D0AADA99}.Release|Any CPU.Build.0 = Release|Any CPU
		{32A06D9C-53F5-4A94-8DB7-48E2D0AADA99}.Release|x64.ActiveCfg = Release|Any CPU
		{32A06D9C-53F5-4A94-8DB7-48E2D0AADA99}.Release|x64.Build.0 = Release|Any CPU
		{32A06D9C-53F5-4A94-8DB7-48E2D0AADA99}.Release|x86.ActiveCfg = Release|Any CPU
		{32A06D9C-53F5-4A94-8DB7-48E2D0AADA99}.Release|x86.Build.0 = Release|Any CPU
		{0B9C9DA0-C52A-4EC8-BF78-20B353A80F53}.Debug|Any CPU.ActiveCfg = Debug|Any CPU
		{0B9C9DA0-C52A-4EC8-BF78-20B353A80F53}.Debug|Any CPU.Build.0 = Debug|Any CPU
		{0B9C9DA0-C52A-4EC8-BF78-20B353A80F53}.Debug|x64.ActiveCfg = Debug|Any CPU
		{0B9C9DA0-C52A-4EC8-BF78-20B353A80F53}.Debug|x64.Build.0 = Debug|Any CPU
		{0B9C9DA0-C52A-4EC8-BF78-20B353A80F53}.Debug|x86.ActiveCfg = Debug|Any CPU
		{0B9C9DA0-C52A-4EC8-BF78-20B353A80F53}.Debug|x86.Build.0 = Debug|Any CPU
		{0B9C9DA0-C52A-4EC8-BF78-20B353A80F53}.Release|Any CPU.ActiveCfg = Release|Any CPU
		{0B9C9DA0-C52A-4EC8-BF78-20B353A80F53}.Release|Any CPU.Build.0 = Release|Any CPU
		{0B9C9DA0-C52A-4EC8-BF78-20B353A80F53}.Release|x64.ActiveCfg = Release|Any CPU
		{0B9C9DA0-C52A-4EC8-BF78-20B353A80F53}.Release|x64.Build.0 = Release|Any CPU
		{0B9C9DA0-C52A-4EC8-BF78-20B353A80F53}.Release|x86.ActiveCfg = Release|Any CPU
		{0B9C9DA0-C52A-4EC8-BF78-20B353A80F53}.Release|x86.Build.0 = Release|Any CPU
		{FB2D1FDA-9135-4145-BBF6-0704F4E64D4D}.Debug|Any CPU.ActiveCfg = Debug|Any CPU
		{FB2D1FDA-9135-4145-BBF6-0704F4E64D4D}.Debug|Any CPU.Build.0 = Debug|Any CPU
		{FB2D1FDA-9135-4145-BBF6-0704F4E64D4D}.Debug|x64.ActiveCfg = Debug|Any CPU
		{FB2D1FDA-9135-4145-BBF6-0704F4E64D4D}.Debug|x64.Build.0 = Debug|Any CPU
		{FB2D1FDA-9135-4145-BBF6-0704F4E64D4D}.Debug|x86.ActiveCfg = Debug|Any CPU
		{FB2D1FDA-9135-4145-BBF6-0704F4E64D4D}.Debug|x86.Build.0 = Debug|Any CPU
		{FB2D1FDA-9135-4145-BBF6-0704F4E64D4D}.Release|Any CPU.ActiveCfg = Release|Any CPU
		{FB2D1FDA-9135-4145-BBF6-0704F4E64D4D}.Release|Any CPU.Build.0 = Release|Any CPU
		{FB2D1FDA-9135-4145-BBF6-0704F4E64D4D}.Release|x64.ActiveCfg = Release|Any CPU
		{FB2D1FDA-9135-4145-BBF6-0704F4E64D4D}.Release|x64.Build.0 = Release|Any CPU
		{FB2D1FDA-9135-4145-BBF6-0704F4E64D4D}.Release|x86.ActiveCfg = Release|Any CPU
		{FB2D1FDA-9135-4145-BBF6-0704F4E64D4D}.Release|x86.Build.0 = Release|Any CPU
		{1E648AEC-C05F-4AD7-A47D-25EC394BB6AF}.Debug|Any CPU.ActiveCfg = Debug|Any CPU
		{1E648AEC-C05F-4AD7-A47D-25EC394BB6AF}.Debug|Any CPU.Build.0 = Debug|Any CPU
		{1E648AEC-C05F-4AD7-A47D-25EC394BB6AF}.Debug|x64.ActiveCfg = Debug|Any CPU
		{1E648AEC-C05F-4AD7-A47D-25EC394BB6AF}.Debug|x64.Build.0 = Debug|Any CPU
		{1E648AEC-C05F-4AD7-A47D-25EC394BB6AF}.Debug|x86.ActiveCfg = Debug|Any CPU
		{1E648AEC-C05F-4AD7-A47D-25EC394BB6AF}.Debug|x86.Build.0 = Debug|Any CPU
		{1E648AEC-C05F-4AD7-A47D-25EC394BB6AF}.Release|Any CPU.ActiveCfg = Release|Any CPU
		{1E648AEC-C05F-4AD7-A47D-25EC394BB6AF}.Release|Any CPU.Build.0 = Release|Any CPU
		{1E648AEC-C05F-4AD7-A47D-25EC394BB6AF}.Release|x64.ActiveCfg = Release|Any CPU
		{1E648AEC-C05F-4AD7-A47D-25EC394BB6AF}.Release|x64.Build.0 = Release|Any CPU
		{1E648AEC-C05F-4AD7-A47D-25EC394BB6AF}.Release|x86.ActiveCfg = Release|Any CPU
		{1E648AEC-C05F-4AD7-A47D-25EC394BB6AF}.Release|x86.Build.0 = Release|Any CPU
		{FC78E78D-1008-443A-B273-790020123409}.Debug|Any CPU.ActiveCfg = Debug|Any CPU
		{FC78E78D-1008-443A-B273-790020123409}.Debug|Any CPU.Build.0 = Debug|Any CPU
		{FC78E78D-1008-443A-B273-790020123409}.Debug|x64.ActiveCfg = Debug|Any CPU
		{FC78E78D-1008-443A-B273-790020123409}.Debug|x64.Build.0 = Debug|Any CPU
		{FC78E78D-1008-443A-B273-790020123409}.Debug|x86.ActiveCfg = Debug|Any CPU
		{FC78E78D-1008-443A-B273-790020123409}.Debug|x86.Build.0 = Debug|Any CPU
		{FC78E78D-1008-443A-B273-790020123409}.Release|Any CPU.ActiveCfg = Release|Any CPU
		{FC78E78D-1008-443A-B273-790020123409}.Release|Any CPU.Build.0 = Release|Any CPU
		{FC78E78D-1008-443A-B273-790020123409}.Release|x64.ActiveCfg = Release|Any CPU
		{FC78E78D-1008-443A-B273-790020123409}.Release|x64.Build.0 = Release|Any CPU
		{FC78E78D-1008-443A-B273-790020123409}.Release|x86.ActiveCfg = Release|Any CPU
		{FC78E78D-1008-443A-B273-790020123409}.Release|x86.Build.0 = Release|Any CPU
		{E342DEA3-5E11-43A6-8364-BB6D24A59DB6}.Debug|Any CPU.ActiveCfg = Debug|Any CPU
		{E342DEA3-5E11-43A6-8364-BB6D24A59DB6}.Debug|Any CPU.Build.0 = Debug|Any CPU
		{E342DEA3-5E11-43A6-8364-BB6D24A59DB6}.Debug|x64.ActiveCfg = Debug|Any CPU
		{E342DEA3-5E11-43A6-8364-BB6D24A59DB6}.Debug|x64.Build.0 = Debug|Any CPU
		{E342DEA3-5E11-43A6-8364-BB6D24A59DB6}.Debug|x86.ActiveCfg = Debug|Any CPU
		{E342DEA3-5E11-43A6-8364-BB6D24A59DB6}.Debug|x86.Build.0 = Debug|Any CPU
		{E342DEA3-5E11-43A6-8364-BB6D24A59DB6}.Release|Any CPU.ActiveCfg = Release|Any CPU
		{E342DEA3-5E11-43A6-8364-BB6D24A59DB6}.Release|Any CPU.Build.0 = Release|Any CPU
		{E342DEA3-5E11-43A6-8364-BB6D24A59DB6}.Release|x64.ActiveCfg = Release|Any CPU
		{E342DEA3-5E11-43A6-8364-BB6D24A59DB6}.Release|x64.Build.0 = Release|Any CPU
		{E342DEA3-5E11-43A6-8364-BB6D24A59DB6}.Release|x86.ActiveCfg = Release|Any CPU
		{E342DEA3-5E11-43A6-8364-BB6D24A59DB6}.Release|x86.Build.0 = Release|Any CPU
		{3F1BDD3B-AEB6-4162-A1E9-406CEFE78350}.Debug|Any CPU.ActiveCfg = Debug|Any CPU
		{3F1BDD3B-AEB6-4162-A1E9-406CEFE78350}.Debug|Any CPU.Build.0 = Debug|Any CPU
		{3F1BDD3B-AEB6-4162-A1E9-406CEFE78350}.Debug|x64.ActiveCfg = Debug|Any CPU
		{3F1BDD3B-AEB6-4162-A1E9-406CEFE78350}.Debug|x64.Build.0 = Debug|Any CPU
		{3F1BDD3B-AEB6-4162-A1E9-406CEFE78350}.Debug|x86.ActiveCfg = Debug|Any CPU
		{3F1BDD3B-AEB6-4162-A1E9-406CEFE78350}.Debug|x86.Build.0 = Debug|Any CPU
		{3F1BDD3B-AEB6-4162-A1E9-406CEFE78350}.Release|Any CPU.ActiveCfg = Release|Any CPU
		{3F1BDD3B-AEB6-4162-A1E9-406CEFE78350}.Release|Any CPU.Build.0 = Release|Any CPU
		{3F1BDD3B-AEB6-4162-A1E9-406CEFE78350}.Release|x64.ActiveCfg = Release|Any CPU
		{3F1BDD3B-AEB6-4162-A1E9-406CEFE78350}.Release|x64.Build.0 = Release|Any CPU
		{3F1BDD3B-AEB6-4162-A1E9-406CEFE78350}.Release|x86.ActiveCfg = Release|Any CPU
		{3F1BDD3B-AEB6-4162-A1E9-406CEFE78350}.Release|x86.Build.0 = Release|Any CPU
		{E842B530-E230-435C-B4CB-6EBAB7577AB7}.Debug|Any CPU.ActiveCfg = Debug|Any CPU
		{E842B530-E230-435C-B4CB-6EBAB7577AB7}.Debug|Any CPU.Build.0 = Debug|Any CPU
		{E842B530-E230-435C-B4CB-6EBAB7577AB7}.Debug|x64.ActiveCfg = Debug|Any CPU
		{E842B530-E230-435C-B4CB-6EBAB7577AB7}.Debug|x64.Build.0 = Debug|Any CPU
		{E842B530-E230-435C-B4CB-6EBAB7577AB7}.Debug|x86.ActiveCfg = Debug|Any CPU
		{E842B530-E230-435C-B4CB-6EBAB7577AB7}.Debug|x86.Build.0 = Debug|Any CPU
		{E842B530-E230-435C-B4CB-6EBAB7577AB7}.Release|Any CPU.ActiveCfg = Release|Any CPU
		{E842B530-E230-435C-B4CB-6EBAB7577AB7}.Release|Any CPU.Build.0 = Release|Any CPU
		{E842B530-E230-435C-B4CB-6EBAB7577AB7}.Release|x64.ActiveCfg = Release|Any CPU
		{E842B530-E230-435C-B4CB-6EBAB7577AB7}.Release|x64.Build.0 = Release|Any CPU
		{E842B530-E230-435C-B4CB-6EBAB7577AB7}.Release|x86.ActiveCfg = Release|Any CPU
		{E842B530-E230-435C-B4CB-6EBAB7577AB7}.Release|x86.Build.0 = Release|Any CPU
		{4C3A5039-60A0-4299-B28F-23FD97C21975}.Debug|Any CPU.ActiveCfg = Debug|Any CPU
		{4C3A5039-60A0-4299-B28F-23FD97C21975}.Debug|Any CPU.Build.0 = Debug|Any CPU
		{4C3A5039-60A0-4299-B28F-23FD97C21975}.Debug|x64.ActiveCfg = Debug|Any CPU
		{4C3A5039-60A0-4299-B28F-23FD97C21975}.Debug|x64.Build.0 = Debug|Any CPU
		{4C3A5039-60A0-4299-B28F-23FD97C21975}.Debug|x86.ActiveCfg = Debug|Any CPU
		{4C3A5039-60A0-4299-B28F-23FD97C21975}.Debug|x86.Build.0 = Debug|Any CPU
		{4C3A5039-60A0-4299-B28F-23FD97C21975}.Release|Any CPU.ActiveCfg = Release|Any CPU
		{4C3A5039-60A0-4299-B28F-23FD97C21975}.Release|Any CPU.Build.0 = Release|Any CPU
		{4C3A5039-60A0-4299-B28F-23FD97C21975}.Release|x64.ActiveCfg = Release|Any CPU
		{4C3A5039-60A0-4299-B28F-23FD97C21975}.Release|x64.Build.0 = Release|Any CPU
		{4C3A5039-60A0-4299-B28F-23FD97C21975}.Release|x86.ActiveCfg = Release|Any CPU
		{4C3A5039-60A0-4299-B28F-23FD97C21975}.Release|x86.Build.0 = Release|Any CPU
		{2F5F0919-3188-4EB1-B090-2BE6C5A597AB}.Debug|Any CPU.ActiveCfg = Debug|Any CPU
		{2F5F0919-3188-4EB1-B090-2BE6C5A597AB}.Debug|Any CPU.Build.0 = Debug|Any CPU
		{2F5F0919-3188-4EB1-B090-2BE6C5A597AB}.Debug|x64.ActiveCfg = Debug|Any CPU
		{2F5F0919-3188-4EB1-B090-2BE6C5A597AB}.Debug|x64.Build.0 = Debug|Any CPU
		{2F5F0919-3188-4EB1-B090-2BE6C5A597AB}.Debug|x86.ActiveCfg = Debug|Any CPU
		{2F5F0919-3188-4EB1-B090-2BE6C5A597AB}.Debug|x86.Build.0 = Debug|Any CPU
		{2F5F0919-3188-4EB1-B090-2BE6C5A597AB}.Release|Any CPU.ActiveCfg = Release|Any CPU
		{2F5F0919-3188-4EB1-B090-2BE6C5A597AB}.Release|Any CPU.Build.0 = Release|Any CPU
		{2F5F0919-3188-4EB1-B090-2BE6C5A597AB}.Release|x64.ActiveCfg = Release|Any CPU
		{2F5F0919-3188-4EB1-B090-2BE6C5A597AB}.Release|x64.Build.0 = Release|Any CPU
		{2F5F0919-3188-4EB1-B090-2BE6C5A597AB}.Release|x86.ActiveCfg = Release|Any CPU
		{2F5F0919-3188-4EB1-B090-2BE6C5A597AB}.Release|x86.Build.0 = Release|Any CPU
		{22EEBA37-1779-4E1D-A957-4BC6D2C2BB43}.Debug|Any CPU.ActiveCfg = Debug|Any CPU
		{22EEBA37-1779-4E1D-A957-4BC6D2C2BB43}.Debug|Any CPU.Build.0 = Debug|Any CPU
		{22EEBA37-1779-4E1D-A957-4BC6D2C2BB43}.Debug|x64.ActiveCfg = Debug|Any CPU
		{22EEBA37-1779-4E1D-A957-4BC6D2C2BB43}.Debug|x64.Build.0 = Debug|Any CPU
		{22EEBA37-1779-4E1D-A957-4BC6D2C2BB43}.Debug|x86.ActiveCfg = Debug|Any CPU
		{22EEBA37-1779-4E1D-A957-4BC6D2C2BB43}.Debug|x86.Build.0 = Debug|Any CPU
		{22EEBA37-1779-4E1D-A957-4BC6D2C2BB43}.Release|Any CPU.ActiveCfg = Release|Any CPU
		{22EEBA37-1779-4E1D-A957-4BC6D2C2BB43}.Release|Any CPU.Build.0 = Release|Any CPU
		{22EEBA37-1779-4E1D-A957-4BC6D2C2BB43}.Release|x64.ActiveCfg = Release|Any CPU
		{22EEBA37-1779-4E1D-A957-4BC6D2C2BB43}.Release|x64.Build.0 = Release|Any CPU
		{22EEBA37-1779-4E1D-A957-4BC6D2C2BB43}.Release|x86.ActiveCfg = Release|Any CPU
		{22EEBA37-1779-4E1D-A957-4BC6D2C2BB43}.Release|x86.Build.0 = Release|Any CPU
		{7D5BCCC0-205D-4A12-BD27-E3E145F9974C}.Debug|Any CPU.ActiveCfg = Debug|Any CPU
		{7D5BCCC0-205D-4A12-BD27-E3E145F9974C}.Debug|Any CPU.Build.0 = Debug|Any CPU
		{7D5BCCC0-205D-4A12-BD27-E3E145F9974C}.Debug|x64.ActiveCfg = Debug|Any CPU
		{7D5BCCC0-205D-4A12-BD27-E3E145F9974C}.Debug|x64.Build.0 = Debug|Any CPU
		{7D5BCCC0-205D-4A12-BD27-E3E145F9974C}.Debug|x86.ActiveCfg = Debug|Any CPU
		{7D5BCCC0-205D-4A12-BD27-E3E145F9974C}.Debug|x86.Build.0 = Debug|Any CPU
		{7D5BCCC0-205D-4A12-BD27-E3E145F9974C}.Release|Any CPU.ActiveCfg = Release|Any CPU
		{7D5BCCC0-205D-4A12-BD27-E3E145F9974C}.Release|Any CPU.Build.0 = Release|Any CPU
		{7D5BCCC0-205D-4A12-BD27-E3E145F9974C}.Release|x64.ActiveCfg = Release|Any CPU
		{7D5BCCC0-205D-4A12-BD27-E3E145F9974C}.Release|x64.Build.0 = Release|Any CPU
		{7D5BCCC0-205D-4A12-BD27-E3E145F9974C}.Release|x86.ActiveCfg = Release|Any CPU
		{7D5BCCC0-205D-4A12-BD27-E3E145F9974C}.Release|x86.Build.0 = Release|Any CPU
		{F13D7720-8AAB-4641-A798-F7D08F569A36}.Debug|Any CPU.ActiveCfg = Debug|Any CPU
		{F13D7720-8AAB-4641-A798-F7D08F569A36}.Debug|Any CPU.Build.0 = Debug|Any CPU
		{F13D7720-8AAB-4641-A798-F7D08F569A36}.Debug|x64.ActiveCfg = Debug|Any CPU
		{F13D7720-8AAB-4641-A798-F7D08F569A36}.Debug|x64.Build.0 = Debug|Any CPU
		{F13D7720-8AAB-4641-A798-F7D08F569A36}.Debug|x86.ActiveCfg = Debug|Any CPU
		{F13D7720-8AAB-4641-A798-F7D08F569A36}.Debug|x86.Build.0 = Debug|Any CPU
		{F13D7720-8AAB-4641-A798-F7D08F569A36}.Release|Any CPU.ActiveCfg = Release|Any CPU
		{F13D7720-8AAB-4641-A798-F7D08F569A36}.Release|Any CPU.Build.0 = Release|Any CPU
		{F13D7720-8AAB-4641-A798-F7D08F569A36}.Release|x64.ActiveCfg = Release|Any CPU
		{F13D7720-8AAB-4641-A798-F7D08F569A36}.Release|x64.Build.0 = Release|Any CPU
		{F13D7720-8AAB-4641-A798-F7D08F569A36}.Release|x86.ActiveCfg = Release|Any CPU
		{F13D7720-8AAB-4641-A798-F7D08F569A36}.Release|x86.Build.0 = Release|Any CPU
		{01EAB856-14B3-4A7D-8761-C7971E647FA2}.Debug|Any CPU.ActiveCfg = Debug|Any CPU
		{01EAB856-14B3-4A7D-8761-C7971E647FA2}.Debug|Any CPU.Build.0 = Debug|Any CPU
		{01EAB856-14B3-4A7D-8761-C7971E647FA2}.Debug|x64.ActiveCfg = Debug|Any CPU
		{01EAB856-14B3-4A7D-8761-C7971E647FA2}.Debug|x64.Build.0 = Debug|Any CPU
		{01EAB856-14B3-4A7D-8761-C7971E647FA2}.Debug|x86.ActiveCfg = Debug|Any CPU
		{01EAB856-14B3-4A7D-8761-C7971E647FA2}.Debug|x86.Build.0 = Debug|Any CPU
		{01EAB856-14B3-4A7D-8761-C7971E647FA2}.Release|Any CPU.ActiveCfg = Release|Any CPU
		{01EAB856-14B3-4A7D-8761-C7971E647FA2}.Release|Any CPU.Build.0 = Release|Any CPU
		{01EAB856-14B3-4A7D-8761-C7971E647FA2}.Release|x64.ActiveCfg = Release|Any CPU
		{01EAB856-14B3-4A7D-8761-C7971E647FA2}.Release|x64.Build.0 = Release|Any CPU
		{01EAB856-14B3-4A7D-8761-C7971E647FA2}.Release|x86.ActiveCfg = Release|Any CPU
		{01EAB856-14B3-4A7D-8761-C7971E647FA2}.Release|x86.Build.0 = Release|Any CPU
		{D5E40F22-8E1B-4BD0-AC7D-302DA3D2D6E4}.Debug|Any CPU.ActiveCfg = Debug|Any CPU
		{D5E40F22-8E1B-4BD0-AC7D-302DA3D2D6E4}.Debug|Any CPU.Build.0 = Debug|Any CPU
		{D5E40F22-8E1B-4BD0-AC7D-302DA3D2D6E4}.Debug|x64.ActiveCfg = Debug|Any CPU
		{D5E40F22-8E1B-4BD0-AC7D-302DA3D2D6E4}.Debug|x64.Build.0 = Debug|Any CPU
		{D5E40F22-8E1B-4BD0-AC7D-302DA3D2D6E4}.Debug|x86.ActiveCfg = Debug|Any CPU
		{D5E40F22-8E1B-4BD0-AC7D-302DA3D2D6E4}.Debug|x86.Build.0 = Debug|Any CPU
		{D5E40F22-8E1B-4BD0-AC7D-302DA3D2D6E4}.Release|Any CPU.ActiveCfg = Release|Any CPU
		{D5E40F22-8E1B-4BD0-AC7D-302DA3D2D6E4}.Release|Any CPU.Build.0 = Release|Any CPU
		{D5E40F22-8E1B-4BD0-AC7D-302DA3D2D6E4}.Release|x64.ActiveCfg = Release|Any CPU
		{D5E40F22-8E1B-4BD0-AC7D-302DA3D2D6E4}.Release|x64.Build.0 = Release|Any CPU
		{D5E40F22-8E1B-4BD0-AC7D-302DA3D2D6E4}.Release|x86.ActiveCfg = Release|Any CPU
		{D5E40F22-8E1B-4BD0-AC7D-302DA3D2D6E4}.Release|x86.Build.0 = Release|Any CPU
		{3FA5FD2F-EAFE-4694-B337-B8D75D5DC912}.Debug|Any CPU.ActiveCfg = Debug|Any CPU
		{3FA5FD2F-EAFE-4694-B337-B8D75D5DC912}.Debug|Any CPU.Build.0 = Debug|Any CPU
		{3FA5FD2F-EAFE-4694-B337-B8D75D5DC912}.Debug|x64.ActiveCfg = Debug|Any CPU
		{3FA5FD2F-EAFE-4694-B337-B8D75D5DC912}.Debug|x64.Build.0 = Debug|Any CPU
		{3FA5FD2F-EAFE-4694-B337-B8D75D5DC912}.Debug|x86.ActiveCfg = Debug|Any CPU
		{3FA5FD2F-EAFE-4694-B337-B8D75D5DC912}.Debug|x86.Build.0 = Debug|Any CPU
		{3FA5FD2F-EAFE-4694-B337-B8D75D5DC912}.Release|Any CPU.ActiveCfg = Release|Any CPU
		{3FA5FD2F-EAFE-4694-B337-B8D75D5DC912}.Release|Any CPU.Build.0 = Release|Any CPU
		{3FA5FD2F-EAFE-4694-B337-B8D75D5DC912}.Release|x64.ActiveCfg = Release|Any CPU
		{3FA5FD2F-EAFE-4694-B337-B8D75D5DC912}.Release|x64.Build.0 = Release|Any CPU
		{3FA5FD2F-EAFE-4694-B337-B8D75D5DC912}.Release|x86.ActiveCfg = Release|Any CPU
		{3FA5FD2F-EAFE-4694-B337-B8D75D5DC912}.Release|x86.Build.0 = Release|Any CPU
		{87CC0AA9-E1D5-40AA-B4E2-54C2BBDCFC5C}.Debug|Any CPU.ActiveCfg = Debug|Any CPU
		{87CC0AA9-E1D5-40AA-B4E2-54C2BBDCFC5C}.Debug|Any CPU.Build.0 = Debug|Any CPU
		{87CC0AA9-E1D5-40AA-B4E2-54C2BBDCFC5C}.Debug|x64.ActiveCfg = Debug|Any CPU
		{87CC0AA9-E1D5-40AA-B4E2-54C2BBDCFC5C}.Debug|x64.Build.0 = Debug|Any CPU
		{87CC0AA9-E1D5-40AA-B4E2-54C2BBDCFC5C}.Debug|x86.ActiveCfg = Debug|Any CPU
		{87CC0AA9-E1D5-40AA-B4E2-54C2BBDCFC5C}.Debug|x86.Build.0 = Debug|Any CPU
		{87CC0AA9-E1D5-40AA-B4E2-54C2BBDCFC5C}.Release|Any CPU.ActiveCfg = Release|Any CPU
		{87CC0AA9-E1D5-40AA-B4E2-54C2BBDCFC5C}.Release|Any CPU.Build.0 = Release|Any CPU
		{87CC0AA9-E1D5-40AA-B4E2-54C2BBDCFC5C}.Release|x64.ActiveCfg = Release|Any CPU
		{87CC0AA9-E1D5-40AA-B4E2-54C2BBDCFC5C}.Release|x64.Build.0 = Release|Any CPU
		{87CC0AA9-E1D5-40AA-B4E2-54C2BBDCFC5C}.Release|x86.ActiveCfg = Release|Any CPU
		{87CC0AA9-E1D5-40AA-B4E2-54C2BBDCFC5C}.Release|x86.Build.0 = Release|Any CPU
		{F39866E6-3BE3-4547-9127-71652232A21B}.Debug|Any CPU.ActiveCfg = Debug|Any CPU
		{F39866E6-3BE3-4547-9127-71652232A21B}.Debug|Any CPU.Build.0 = Debug|Any CPU
		{F39866E6-3BE3-4547-9127-71652232A21B}.Debug|x64.ActiveCfg = Debug|Any CPU
		{F39866E6-3BE3-4547-9127-71652232A21B}.Debug|x64.Build.0 = Debug|Any CPU
		{F39866E6-3BE3-4547-9127-71652232A21B}.Debug|x86.ActiveCfg = Debug|Any CPU
		{F39866E6-3BE3-4547-9127-71652232A21B}.Debug|x86.Build.0 = Debug|Any CPU
		{F39866E6-3BE3-4547-9127-71652232A21B}.Release|Any CPU.ActiveCfg = Release|Any CPU
		{F39866E6-3BE3-4547-9127-71652232A21B}.Release|Any CPU.Build.0 = Release|Any CPU
		{F39866E6-3BE3-4547-9127-71652232A21B}.Release|x64.ActiveCfg = Release|Any CPU
		{F39866E6-3BE3-4547-9127-71652232A21B}.Release|x64.Build.0 = Release|Any CPU
		{F39866E6-3BE3-4547-9127-71652232A21B}.Release|x86.ActiveCfg = Release|Any CPU
		{F39866E6-3BE3-4547-9127-71652232A21B}.Release|x86.Build.0 = Release|Any CPU
		{CC8ABE55-9887-481C-A7A4-AB9B4CFDCA6F}.Debug|Any CPU.ActiveCfg = Debug|Any CPU
		{CC8ABE55-9887-481C-A7A4-AB9B4CFDCA6F}.Debug|Any CPU.Build.0 = Debug|Any CPU
		{CC8ABE55-9887-481C-A7A4-AB9B4CFDCA6F}.Debug|x64.ActiveCfg = Debug|Any CPU
		{CC8ABE55-9887-481C-A7A4-AB9B4CFDCA6F}.Debug|x64.Build.0 = Debug|Any CPU
		{CC8ABE55-9887-481C-A7A4-AB9B4CFDCA6F}.Debug|x86.ActiveCfg = Debug|Any CPU
		{CC8ABE55-9887-481C-A7A4-AB9B4CFDCA6F}.Debug|x86.Build.0 = Debug|Any CPU
		{CC8ABE55-9887-481C-A7A4-AB9B4CFDCA6F}.Release|Any CPU.ActiveCfg = Release|Any CPU
		{CC8ABE55-9887-481C-A7A4-AB9B4CFDCA6F}.Release|Any CPU.Build.0 = Release|Any CPU
		{CC8ABE55-9887-481C-A7A4-AB9B4CFDCA6F}.Release|x64.ActiveCfg = Release|Any CPU
		{CC8ABE55-9887-481C-A7A4-AB9B4CFDCA6F}.Release|x64.Build.0 = Release|Any CPU
		{CC8ABE55-9887-481C-A7A4-AB9B4CFDCA6F}.Release|x86.ActiveCfg = Release|Any CPU
		{CC8ABE55-9887-481C-A7A4-AB9B4CFDCA6F}.Release|x86.Build.0 = Release|Any CPU
		{01DE4BB2-DFCA-4EA9-ACEF-F8FC26451C46}.Debug|Any CPU.ActiveCfg = Debug|Any CPU
		{01DE4BB2-DFCA-4EA9-ACEF-F8FC26451C46}.Debug|Any CPU.Build.0 = Debug|Any CPU
		{01DE4BB2-DFCA-4EA9-ACEF-F8FC26451C46}.Debug|x64.ActiveCfg = Debug|Any CPU
		{01DE4BB2-DFCA-4EA9-ACEF-F8FC26451C46}.Debug|x64.Build.0 = Debug|Any CPU
		{01DE4BB2-DFCA-4EA9-ACEF-F8FC26451C46}.Debug|x86.ActiveCfg = Debug|Any CPU
		{01DE4BB2-DFCA-4EA9-ACEF-F8FC26451C46}.Debug|x86.Build.0 = Debug|Any CPU
		{01DE4BB2-DFCA-4EA9-ACEF-F8FC26451C46}.Release|Any CPU.ActiveCfg = Release|Any CPU
		{01DE4BB2-DFCA-4EA9-ACEF-F8FC26451C46}.Release|Any CPU.Build.0 = Release|Any CPU
		{01DE4BB2-DFCA-4EA9-ACEF-F8FC26451C46}.Release|x64.ActiveCfg = Release|Any CPU
		{01DE4BB2-DFCA-4EA9-ACEF-F8FC26451C46}.Release|x64.Build.0 = Release|Any CPU
		{01DE4BB2-DFCA-4EA9-ACEF-F8FC26451C46}.Release|x86.ActiveCfg = Release|Any CPU
		{01DE4BB2-DFCA-4EA9-ACEF-F8FC26451C46}.Release|x86.Build.0 = Release|Any CPU
		{9FB8436E-5B9A-4C39-816B-D7CC1E9A4D8C}.Debug|Any CPU.ActiveCfg = Debug|Any CPU
		{9FB8436E-5B9A-4C39-816B-D7CC1E9A4D8C}.Debug|Any CPU.Build.0 = Debug|Any CPU
		{9FB8436E-5B9A-4C39-816B-D7CC1E9A4D8C}.Debug|x64.ActiveCfg = Debug|Any CPU
		{9FB8436E-5B9A-4C39-816B-D7CC1E9A4D8C}.Debug|x64.Build.0 = Debug|Any CPU
		{9FB8436E-5B9A-4C39-816B-D7CC1E9A4D8C}.Debug|x86.ActiveCfg = Debug|Any CPU
		{9FB8436E-5B9A-4C39-816B-D7CC1E9A4D8C}.Debug|x86.Build.0 = Debug|Any CPU
		{9FB8436E-5B9A-4C39-816B-D7CC1E9A4D8C}.Release|Any CPU.ActiveCfg = Release|Any CPU
		{9FB8436E-5B9A-4C39-816B-D7CC1E9A4D8C}.Release|Any CPU.Build.0 = Release|Any CPU
		{9FB8436E-5B9A-4C39-816B-D7CC1E9A4D8C}.Release|x64.ActiveCfg = Release|Any CPU
		{9FB8436E-5B9A-4C39-816B-D7CC1E9A4D8C}.Release|x64.Build.0 = Release|Any CPU
		{9FB8436E-5B9A-4C39-816B-D7CC1E9A4D8C}.Release|x86.ActiveCfg = Release|Any CPU
		{9FB8436E-5B9A-4C39-816B-D7CC1E9A4D8C}.Release|x86.Build.0 = Release|Any CPU
		{247E4D31-3CA1-4544-8500-CD9EB837F523}.Debug|Any CPU.ActiveCfg = Debug|Any CPU
		{247E4D31-3CA1-4544-8500-CD9EB837F523}.Debug|Any CPU.Build.0 = Debug|Any CPU
		{247E4D31-3CA1-4544-8500-CD9EB837F523}.Debug|x64.ActiveCfg = Debug|Any CPU
		{247E4D31-3CA1-4544-8500-CD9EB837F523}.Debug|x64.Build.0 = Debug|Any CPU
		{247E4D31-3CA1-4544-8500-CD9EB837F523}.Debug|x86.ActiveCfg = Debug|Any CPU
		{247E4D31-3CA1-4544-8500-CD9EB837F523}.Debug|x86.Build.0 = Debug|Any CPU
		{247E4D31-3CA1-4544-8500-CD9EB837F523}.Release|Any CPU.ActiveCfg = Release|Any CPU
		{247E4D31-3CA1-4544-8500-CD9EB837F523}.Release|Any CPU.Build.0 = Release|Any CPU
		{247E4D31-3CA1-4544-8500-CD9EB837F523}.Release|x64.ActiveCfg = Release|Any CPU
		{247E4D31-3CA1-4544-8500-CD9EB837F523}.Release|x64.Build.0 = Release|Any CPU
		{247E4D31-3CA1-4544-8500-CD9EB837F523}.Release|x86.ActiveCfg = Release|Any CPU
		{247E4D31-3CA1-4544-8500-CD9EB837F523}.Release|x86.Build.0 = Release|Any CPU
		{C42CFF25-8B5F-40A5-921C-0D94828107EA}.Debug|Any CPU.ActiveCfg = Debug|Any CPU
		{C42CFF25-8B5F-40A5-921C-0D94828107EA}.Debug|Any CPU.Build.0 = Debug|Any CPU
		{C42CFF25-8B5F-40A5-921C-0D94828107EA}.Debug|x64.ActiveCfg = Debug|Any CPU
		{C42CFF25-8B5F-40A5-921C-0D94828107EA}.Debug|x64.Build.0 = Debug|Any CPU
		{C42CFF25-8B5F-40A5-921C-0D94828107EA}.Debug|x86.ActiveCfg = Debug|Any CPU
		{C42CFF25-8B5F-40A5-921C-0D94828107EA}.Debug|x86.Build.0 = Debug|Any CPU
		{C42CFF25-8B5F-40A5-921C-0D94828107EA}.Release|Any CPU.ActiveCfg = Release|Any CPU
		{C42CFF25-8B5F-40A5-921C-0D94828107EA}.Release|Any CPU.Build.0 = Release|Any CPU
		{C42CFF25-8B5F-40A5-921C-0D94828107EA}.Release|x64.ActiveCfg = Release|Any CPU
		{C42CFF25-8B5F-40A5-921C-0D94828107EA}.Release|x64.Build.0 = Release|Any CPU
		{C42CFF25-8B5F-40A5-921C-0D94828107EA}.Release|x86.ActiveCfg = Release|Any CPU
		{C42CFF25-8B5F-40A5-921C-0D94828107EA}.Release|x86.Build.0 = Release|Any CPU
		{5A654399-461A-4060-89CE-2AFD5C64C224}.Debug|Any CPU.ActiveCfg = Debug|Any CPU
		{5A654399-461A-4060-89CE-2AFD5C64C224}.Debug|Any CPU.Build.0 = Debug|Any CPU
		{5A654399-461A-4060-89CE-2AFD5C64C224}.Debug|x64.ActiveCfg = Debug|Any CPU
		{5A654399-461A-4060-89CE-2AFD5C64C224}.Debug|x64.Build.0 = Debug|Any CPU
		{5A654399-461A-4060-89CE-2AFD5C64C224}.Debug|x86.ActiveCfg = Debug|Any CPU
		{5A654399-461A-4060-89CE-2AFD5C64C224}.Debug|x86.Build.0 = Debug|Any CPU
		{5A654399-461A-4060-89CE-2AFD5C64C224}.Release|Any CPU.ActiveCfg = Release|Any CPU
		{5A654399-461A-4060-89CE-2AFD5C64C224}.Release|Any CPU.Build.0 = Release|Any CPU
		{5A654399-461A-4060-89CE-2AFD5C64C224}.Release|x64.ActiveCfg = Release|Any CPU
		{5A654399-461A-4060-89CE-2AFD5C64C224}.Release|x64.Build.0 = Release|Any CPU
		{5A654399-461A-4060-89CE-2AFD5C64C224}.Release|x86.ActiveCfg = Release|Any CPU
		{5A654399-461A-4060-89CE-2AFD5C64C224}.Release|x86.Build.0 = Release|Any CPU
		{321B490F-7C89-4307-9C88-8BC809D21600}.Debug|Any CPU.ActiveCfg = Debug|Any CPU
		{321B490F-7C89-4307-9C88-8BC809D21600}.Debug|Any CPU.Build.0 = Debug|Any CPU
		{321B490F-7C89-4307-9C88-8BC809D21600}.Debug|x64.ActiveCfg = Debug|Any CPU
		{321B490F-7C89-4307-9C88-8BC809D21600}.Debug|x64.Build.0 = Debug|Any CPU
		{321B490F-7C89-4307-9C88-8BC809D21600}.Debug|x86.ActiveCfg = Debug|Any CPU
		{321B490F-7C89-4307-9C88-8BC809D21600}.Debug|x86.Build.0 = Debug|Any CPU
		{321B490F-7C89-4307-9C88-8BC809D21600}.Release|Any CPU.ActiveCfg = Release|Any CPU
		{321B490F-7C89-4307-9C88-8BC809D21600}.Release|Any CPU.Build.0 = Release|Any CPU
		{321B490F-7C89-4307-9C88-8BC809D21600}.Release|x64.ActiveCfg = Release|Any CPU
		{321B490F-7C89-4307-9C88-8BC809D21600}.Release|x64.Build.0 = Release|Any CPU
		{321B490F-7C89-4307-9C88-8BC809D21600}.Release|x86.ActiveCfg = Release|Any CPU
		{321B490F-7C89-4307-9C88-8BC809D21600}.Release|x86.Build.0 = Release|Any CPU
		{A6E903EB-6F85-4DAD-A7BB-8FF3937AA1DD}.Debug|Any CPU.ActiveCfg = Debug|Any CPU
		{A6E903EB-6F85-4DAD-A7BB-8FF3937AA1DD}.Debug|Any CPU.Build.0 = Debug|Any CPU
		{A6E903EB-6F85-4DAD-A7BB-8FF3937AA1DD}.Debug|x64.ActiveCfg = Debug|Any CPU
		{A6E903EB-6F85-4DAD-A7BB-8FF3937AA1DD}.Debug|x64.Build.0 = Debug|Any CPU
		{A6E903EB-6F85-4DAD-A7BB-8FF3937AA1DD}.Debug|x86.ActiveCfg = Debug|Any CPU
		{A6E903EB-6F85-4DAD-A7BB-8FF3937AA1DD}.Debug|x86.Build.0 = Debug|Any CPU
		{A6E903EB-6F85-4DAD-A7BB-8FF3937AA1DD}.Release|Any CPU.ActiveCfg = Release|Any CPU
		{A6E903EB-6F85-4DAD-A7BB-8FF3937AA1DD}.Release|Any CPU.Build.0 = Release|Any CPU
		{A6E903EB-6F85-4DAD-A7BB-8FF3937AA1DD}.Release|x64.ActiveCfg = Release|Any CPU
		{A6E903EB-6F85-4DAD-A7BB-8FF3937AA1DD}.Release|x64.Build.0 = Release|Any CPU
		{A6E903EB-6F85-4DAD-A7BB-8FF3937AA1DD}.Release|x86.ActiveCfg = Release|Any CPU
		{A6E903EB-6F85-4DAD-A7BB-8FF3937AA1DD}.Release|x86.Build.0 = Release|Any CPU
	EndGlobalSection
	GlobalSection(SolutionProperties) = preSolution
		HideSolutionNode = FALSE
	EndGlobalSection
	GlobalSection(NestedProjects) = preSolution
		{0B9C9DA0-C52A-4EC8-BF78-20B353A80F53} = {70FA13DF-E447-F7A8-5EF0-B063F5B374B5}
		{FB2D1FDA-9135-4145-BBF6-0704F4E64D4D} = {70FA13DF-E447-F7A8-5EF0-B063F5B374B5}
		{1E648AEC-C05F-4AD7-A47D-25EC394BB6AF} = {70FA13DF-E447-F7A8-5EF0-B063F5B374B5}
		{FC78E78D-1008-443A-B273-790020123409} = {70FA13DF-E447-F7A8-5EF0-B063F5B374B5}
		{E342DEA3-5E11-43A6-8364-BB6D24A59DB6} = {70FA13DF-E447-F7A8-5EF0-B063F5B374B5}
		{3F1BDD3B-AEB6-4162-A1E9-406CEFE78350} = {70FA13DF-E447-F7A8-5EF0-B063F5B374B5}
		{E842B530-E230-435C-B4CB-6EBAB7577AB7} = {70FA13DF-E447-F7A8-5EF0-B063F5B374B5}
		{4C3A5039-60A0-4299-B28F-23FD97C21975} = {70FA13DF-E447-F7A8-5EF0-B063F5B374B5}
		{2F5F0919-3188-4EB1-B090-2BE6C5A597AB} = {13046698-691B-53EA-2C3E-672221A0CE4F}
		{22EEBA37-1779-4E1D-A957-4BC6D2C2BB43} = {13046698-691B-53EA-2C3E-672221A0CE4F}
		{7D5BCCC0-205D-4A12-BD27-E3E145F9974C} = {13046698-691B-53EA-2C3E-672221A0CE4F}
		{F13D7720-8AAB-4641-A798-F7D08F569A36} = {13046698-691B-53EA-2C3E-672221A0CE4F}
		{01EAB856-14B3-4A7D-8761-C7971E647FA2} = {13046698-691B-53EA-2C3E-672221A0CE4F}
		{D5E40F22-8E1B-4BD0-AC7D-302DA3D2D6E4} = {70FA13DF-E447-F7A8-5EF0-B063F5B374B5}
		{3FA5FD2F-EAFE-4694-B337-B8D75D5DC912} = {787F0AE7-F039-BD07-CD28-E4C8FD89F7AC}
		{87CC0AA9-E1D5-40AA-B4E2-54C2BBDCFC5C} = {787F0AE7-F039-BD07-CD28-E4C8FD89F7AC}
		{F39866E6-3BE3-4547-9127-71652232A21B} = {106DBD75-60D8-288E-21FB-A0DE1B945471}
		{CC8ABE55-9887-481C-A7A4-AB9B4CFDCA6F} = {106DBD75-60D8-288E-21FB-A0DE1B945471}
		{01DE4BB2-DFCA-4EA9-ACEF-F8FC26451C46} = {106DBD75-60D8-288E-21FB-A0DE1B945471}
		{9FB8436E-5B9A-4C39-816B-D7CC1E9A4D8C} = {106DBD75-60D8-288E-21FB-A0DE1B945471}
		{247E4D31-3CA1-4544-8500-CD9EB837F523} = {787F0AE7-F039-BD07-CD28-E4C8FD89F7AC}
		{C42CFF25-8B5F-40A5-921C-0D94828107EA} = {CEEDB9FF-A151-87D7-8F55-BB3F3E7A5D12}
	EndGlobalSection
EndGlobal
