
Microsoft Visual Studio Solution File, Format Version 12.00
# Visual Studio Version 17
VisualStudioVersion = 17.0.31903.59
MinimumVisualStudioVersion = 10.0.40219.1
Project("{FAE04EC0-301F-11D3-BF4B-00C04F79EFBC}") = "DaysOfTheWeek", "DaysOfTheWeek\DaysOfTheWeek.csproj", "{55E38FBF-F613-4340-9251-844C97019E7F}"
EndProject
Project("{FAE04EC0-301F-11D3-BF4B-00C04F79EFBC}") = "DivideByZeroException", "DivideByZeroException\DivideByZeroException.csproj", "{542CD8D0-3E21-4830-8745-81E343AE0ED2}"
EndProject
Project("{FAE04EC0-301F-11D3-BF4B-00C04F79EFBC}") = "CalculatorUsingSwitch", "CalculatorUsingSwitch\CalculatorUsingSwitch.csproj", "{5BE4381F-B1DC-496A-9EED-2487BEEFE4B7}"
EndProject
Project("{FAE04EC0-301F-11D3-BF4B-00C04F79EFBC}") = "IncorrecFormatNumber", "IncorrecFormatNumber\IncorrecFormatNumber.csproj", "{32A06D9C-53F5-4A94-8DB7-48E2D0AADA99}"
EndProject
Project("{2150E333-8FDC-42A3-9474-1A3956D46DE8}") = "LoopExercises", "LoopExercises", "{70FA13DF-E447-F7A8-5EF0-B063F5B374B5}"
EndProject
Project("{FAE04EC0-301F-11D3-BF4B-00C04F79EFBC}") = "Project02.DrawingChart", "LoopExercises\Project02.DrawingChart\Project02.DrawingChart.csproj", "{0B9C9DA0-C52A-4EC8-BF78-20B353A80F53}"
EndProject
Global
	GlobalSection(SolutionConfigurationPlatforms) = preSolution
		Debug|Any CPU = Debug|Any CPU
		Debug|x64 = Debug|x64
		Debug|x86 = Debug|x86
		Release|Any CPU = Release|Any CPU
		Release|x64 = Release|x64
		Release|x86 = Release|x86
	EndGlobalSection
	GlobalSection(ProjectConfigurationPlatforms) = postSolution
		{55E38FBF-F613-4340-9251-844C97019E7F}.Debug|Any CPU.ActiveCfg = Debug|Any CPU
		{55E38FBF-F613-4340-9251-844C97019E7F}.Debug|Any CPU.Build.0 = Debug|Any CPU
		{55E38FBF-F613-4340-9251-844C97019E7F}.Debug|x64.ActiveCfg = Debug|Any CPU
		{55E38FBF-F613-4340-9251-844C97019E7F}.Debug|x64.Build.0 = Debug|Any CPU
		{55E38FBF-F613-4340-9251-844C97019E7F}.Debug|x86.ActiveCfg = Debug|Any CPU
		{55E38FBF-F613-4340-9251-844C97019E7F}.Debug|x86.Build.0 = Debug|Any CPU
		{55E38FBF-F613-4340-9251-844C97019E7F}.Release|Any CPU.ActiveCfg = Release|Any CPU
		{55E38FBF-F613-4340-9251-844C97019E7F}.Release|Any CPU.Build.0 = Release|Any CPU
		{55E38FBF-F613-4340-9251-844C97019E7F}.Release|x64.ActiveCfg = Release|Any CPU
		{55E38FBF-F613-4340-9251-844C97019E7F}.Release|x64.Build.0 = Release|Any CPU
		{55E38FBF-F613-4340-9251-844C97019E7F}.Release|x86.ActiveCfg = Release|Any CPU
		{55E38FBF-F613-4340-9251-844C97019E7F}.Release|x86.Build.0 = Release|Any CPU
		{542CD8D0-3E21-4830-8745-81E343AE0ED2}.Debug|Any CPU.ActiveCfg = Debug|Any CPU
		{542CD8D0-3E21-4830-8745-81E343AE0ED2}.Debug|Any CPU.Build.0 = Debug|Any CPU
		{542CD8D0-3E21-4830-8745-81E343AE0ED2}.Debug|x64.ActiveCfg = Debug|Any CPU
		{542CD8D0-3E21-4830-8745-81E343AE0ED2}.Debug|x64.Build.0 = Debug|Any CPU
		{542CD8D0-3E21-4830-8745-81E343AE0ED2}.Debug|x86.ActiveCfg = Debug|Any CPU
		{542CD8D0-3E21-4830-8745-81E343AE0ED2}.Debug|x86.Build.0 = Debug|Any CPU
		{542CD8D0-3E21-4830-8745-81E343AE0ED2}.Release|Any CPU.ActiveCfg = Release|Any CPU
		{542CD8D0-3E21-4830-8745-81E343AE0ED2}.Release|Any CPU.Build.0 = Release|Any CPU
		{542CD8D0-3E21-4830-8745-81E343AE0ED2}.Release|x64.ActiveCfg = Release|Any CPU
		{542CD8D0-3E21-4830-8745-81E343AE0ED2}.Release|x64.Build.0 = Release|Any CPU
		{542CD8D0-3E21-4830-8745-81E343AE0ED2}.Release|x86.ActiveCfg = Release|Any CPU
		{542CD8D0-3E21-4830-8745-81E343AE0ED2}.Release|x86.Build.0 = Release|Any CPU
		{5BE4381F-B1DC-496A-9EED-2487BEEFE4B7}.Debug|Any CPU.ActiveCfg = Debug|Any CPU
		{5BE4381F-B1DC-496A-9EED-2487BEEFE4B7}.Debug|Any CPU.Build.0 = Debug|Any CPU
		{5BE4381F-B1DC-496A-9EED-2487BEEFE4B7}.Debug|x64.ActiveCfg = Debug|Any CPU
		{5BE4381F-B1DC-496A-9EED-2487BEEFE4B7}.Debug|x64.Build.0 = Debug|Any CPU
		{5BE4381F-B1DC-496A-9EED-2487BEEFE4B7}.Debug|x86.ActiveCfg = Debug|Any CPU
		{5BE4381F-B1DC-496A-9EED-2487BEEFE4B7}.Debug|x86.Build.0 = Debug|Any CPU
		{5BE4381F-B1DC-496A-9EED-2487BEEFE4B7}.Release|Any CPU.ActiveCfg = Release|Any CPU
		{5BE4381F-B1DC-496A-9EED-2487BEEFE4B7}.Release|Any CPU.Build.0 = Release|Any CPU
		{5BE4381F-B1DC-496A-9EED-2487BEEFE4B7}.Release|x64.ActiveCfg = Release|Any CPU
		{5BE4381F-B1DC-496A-9EED-2487BEEFE4B7}.Release|x64.Build.0 = Release|Any CPU
		{5BE4381F-B1DC-496A-9EED-2487BEEFE4B7}.Release|x86.ActiveCfg = Release|Any CPU
		{5BE4381F-B1DC-496A-9EED-2487BEEFE4B7}.Release|x86.Build.0 = Release|Any CPU
		{32A06D9C-53F5-4A94-8DB7-48E2D0AADA99}.Debug|Any CPU.ActiveCfg = Debug|Any CPU
		{32A06D9C-53F5-4A94-8DB7-48E2D0AADA99}.Debug|Any CPU.Build.0 = Debug|Any CPU
		{32A06D9C-53F5-4A94-8DB7-48E2D0AADA99}.Debug|x64.ActiveCfg = Debug|Any CPU
		{32A06D9C-53F5-4A94-8DB7-48E2D0AADA99}.Debug|x64.Build.0 = Debug|Any CPU
		{32A06D9C-53F5-4A94-8DB7-48E2D0AADA99}.Debug|x86.ActiveCfg = Debug|Any CPU
		{32A06D9C-53F5-4A94-8DB7-48E2D0AADA99}.Debug|x86.Build.0 = Debug|Any CPU
		{32A06D9C-53F5-4A94-8DB7-48E2D0AADA99}.Release|Any CPU.ActiveCfg = Release|Any CPU
		{32A06D9C-53F5-4A94-8DB7-48E2D0AADA99}.Release|Any CPU.Build.0 = Release|Any CPU
		{32A06D9C-53F5-4A94-8DB7-48E2D0AADA99}.Release|x64.ActiveCfg = Release|Any CPU
		{32A06D9C-53F5-4A94-8DB7-48E2D0AADA99}.Release|x64.Build.0 = Release|Any CPU
		{32A06D9C-53F5-4A94-8DB7-48E2D0AADA99}.Release|x86.ActiveCfg = Release|Any CPU
		{32A06D9C-53F5-4A94-8DB7-48E2D0AADA99}.Release|x86.Build.0 = Release|Any CPU
		{0B9C9DA0-C52A-4EC8-BF78-20B353A80F53}.Debug|Any CPU.ActiveCfg = Debug|Any CPU
		{0B9C9DA0-C52A-4EC8-BF78-20B353A80F53}.Debug|Any CPU.Build.0 = Debug|Any CPU
		{0B9C9DA0-C52A-4EC8-BF78-20B353A80F53}.Debug|x64.ActiveCfg = Debug|Any CPU
		{0B9C9DA0-C52A-4EC8-BF78-20B353A80F53}.Debug|x64.Build.0 = Debug|Any CPU
		{0B9C9DA0-C52A-4EC8-BF78-20B353A80F53}.Debug|x86.ActiveCfg = Debug|Any CPU
		{0B9C9DA0-C52A-4EC8-BF78-20B353A80F53}.Debug|x86.Build.0 = Debug|Any CPU
		{0B9C9DA0-C52A-4EC8-BF78-20B353A80F53}.Release|Any CPU.ActiveCfg = Release|Any CPU
		{0B9C9DA0-C52A-4EC8-BF78-20B353A80F53}.Release|Any CPU.Build.0 = Release|Any CPU
		{0B9C9DA0-C52A-4EC8-BF78-20B353A80F53}.Release|x64.ActiveCfg = Release|Any CPU
		{0B9C9DA0-C52A-4EC8-BF78-20B353A80F53}.Release|x64.Build.0 = Release|Any CPU
		{0B9C9DA0-C52A-4EC8-BF78-20B353A80F53}.Release|x86.ActiveCfg = Release|Any CPU
		{0B9C9DA0-C52A-4EC8-BF78-20B353A80F53}.Release|x86.Build.0 = Release|Any CPU
	EndGlobalSection
	GlobalSection(SolutionProperties) = preSolution
		HideSolutionNode = FALSE
	EndGlobalSection
	GlobalSection(NestedProjects) = preSolution
		{0B9C9DA0-C52A-4EC8-BF78-20B353A80F53} = {70FA13DF-E447-F7A8-5EF0-B063F5B374B5}
	EndGlobalSection
EndGlobal
