Microsoft Visual Studio Solution File, Format Version 12.00
# Visual Studio Version 17
VisualStudioVersion = 17.5.2.0
MinimumVisualStudioVersion = 10.0.40219.1
Project("{FAE04EC0-301F-11D3-BF4B-00C04F79EFBC}") = "CalculatorUsingSwitch", "CalculatorUsingSwitch.csproj", "{A49BE4E3-F14C-89C7-A8F4-23937CD4D53D}"
EndProject
Global
	GlobalSection(SolutionConfigurationPlatforms) = preSolution
		Debug|Any CPU = Debug|Any CPU
		Release|Any CPU = Release|Any CPU
	EndGlobalSection
	GlobalSection(ProjectConfigurationPlatforms) = postSolution
		{A49BE4E3-F14C-89C7-A8F4-23937CD4D53D}.Debug|Any CPU.ActiveCfg = Debug|Any CPU
		{A49BE4E3-F14C-89C7-A8F4-23937CD4D53D}.Debug|Any CPU.Build.0 = Debug|Any CPU
		{A49BE4E3-F14C-89C7-A8F4-23937CD4D53D}.Release|Any CPU.ActiveCfg = Release|Any CPU
		{A49BE4E3-F14C-89C7-A8F4-23937CD4D53D}.Release|Any CPU.Build.0 = Release|Any CPU
	EndGlobalSection
	GlobalSection(SolutionProperties) = preSolution
		HideSolutionNode = FALSE
	EndGlobalSection
	GlobalSection(ExtensibilityGlobals) = postSolution
		SolutionGuid = {BA6C366D-488C-4459-8FF4-260EBF811F80}
	EndGlobalSection
EndGlobal
